
Microsoft Visual Studio Solution File, Format Version 12.00
# Visual Studio Version 17
VisualStudioVersion = 17.9.34607.119
MinimumVisualStudioVersion = 10.0.40219.1
Project("{FAE04EC0-301F-11D3-BF4B-00C04F79EFBC}") = "ejercicio, clase", "ejercicio, clase\ejercicio, clase.csproj", "{A2926B73-2C8C-4008-A7C9-EA8973DF4473}"
EndProject
Global
	GlobalSection(SolutionConfigurationPlatforms) = preSolution
		Debug|Any CPU = Debug|Any CPU
		Release|Any CPU = Release|Any CPU
	EndGlobalSection
	GlobalSection(ProjectConfigurationPlatforms) = postSolution
		{A2926B73-2C8C-4008-A7C9-EA8973DF4473}.Debug|Any CPU.ActiveCfg = Debug|Any CPU
		{A2926B73-2C8C-4008-A7C9-EA8973DF4473}.Debug|Any CPU.Build.0 = Debug|Any CPU
		{A2926B73-2C8C-4008-A7C9-EA8973DF4473}.Release|Any CPU.ActiveCfg = Release|Any CPU
		{A2926B73-2C8C-4008-A7C9-EA8973DF4473}.Release|Any CPU.Build.0 = Release|Any CPU
	EndGlobalSection
	GlobalSection(SolutionProperties) = preSolution
		HideSolutionNode = FALSE
	EndGlobalSection
	GlobalSection(ExtensibilityGlobals) = postSolution
		SolutionGuid = {2FD3D127-EC1C-4B11-86C9-BF5D6E606FFB}
	EndGlobalSection
EndGlobal
